# THIS IS AN AUTOGENERATED FILE. DO NOT EDIT THIS FILE DIRECTLY.
# yarn lockfile v1


concat-frames@^1.0.3:
  version "1.0.3"
  resolved "https://registry.yarnpkg.com/concat-frames/-/concat-frames-1.0.3.tgz#cfe9a816f25c7b75963d99fef2f4aa0458fbf99b"
  integrity sha1-z+moFvJce3WWPZn+8vSqBFj7+Zs=
  dependencies:
    pixel-stream "^1.0.3"

exif-reader@^1.0.0, exif-reader@^1.0.2:
  version "1.0.2"
  resolved "https://registry.yarnpkg.com/exif-reader/-/exif-reader-1.0.2.tgz#02408b97b61028ea4f45e5b893a836f9aa28ac4f"
  integrity sha1-AkCLl7YQKOpPReW4k6g2+aoorE8=

jpg-stream@^1.1.2:
  version "1.1.2"
  resolved "https://registry.yarnpkg.com/jpg-stream/-/jpg-stream-1.1.2.tgz#4dba159d9d19368df21318f648cee980a72be407"
  integrity sha1-TboVnZ0ZNo3yExj2SM7pgKcr5Ac=
  dependencies:
    exif-reader "^1.0.0"
    pixel-stream "^1.0.3"

pixel-stream@^1.0.3:
  version "1.0.3"
  resolved "https://registry.yarnpkg.com/pixel-stream/-/pixel-stream-1.0.3.tgz#53e8c54b21d5508393b53bcb32b64a7755f1fa5e"
  integrity sha1-U+jFSyHVUIOTtTvLMrZKd1Xx+l4=
  dependencies:
    shallow-copy "0.0.1"

shallow-copy@0.0.1:
  version "0.0.1"
  resolved "https://registry.yarnpkg.com/shallow-copy/-/shallow-copy-0.0.1.tgz#415f42702d73d810330292cc5ee86eae1a11a170"
  integrity sha1-QV9CcC1z2BAzApLMXuhurhoRoXA=
